
Microsoft Visual Studio Solution File, Format Version 12.00
# Visual Studio Version 17
VisualStudioVersion = 17.5.33530.505
MinimumVisualStudioVersion = 10.0.40219.1
Project("{FAE04EC0-301F-11D3-BF4B-00C04F79EFBC}") = "Game", "Game\Game.csproj", "{462ACB6F-47B6-4BCB-9936-933CD8D7FEE9}"
EndProject
Global
	GlobalSection(SolutionConfigurationPlatforms) = preSolution
		Debug|Any CPU = Debug|Any CPU
		Release|Any CPU = Release|Any CPU
	EndGlobalSection
	GlobalSection(ProjectConfigurationPlatforms) = postSolution
		{462ACB6F-47B6-4BCB-9936-933CD8D7FEE9}.Debug|Any CPU.ActiveCfg = Debug|Any CPU
		{462ACB6F-47B6-4BCB-9936-933CD8D7FEE9}.Debug|Any CPU.Build.0 = Debug|Any CPU
		{462ACB6F-47B6-4BCB-9936-933CD8D7FEE9}.Release|Any CPU.ActiveCfg = Release|Any CPU
		{462ACB6F-47B6-4BCB-9936-933CD8D7FEE9}.Release|Any CPU.Build.0 = Release|Any CPU
	EndGlobalSection
	GlobalSection(SolutionProperties) = preSolution
		HideSolutionNode = FALSE
	EndGlobalSection
	GlobalSection(ExtensibilityGlobals) = postSolution
		SolutionGuid = {C2C31302-F6B5-48E3-88E6-4F242B06BA9A}
	EndGlobalSection
EndGlobal
